
Microsoft Visual Studio Solution File, Format Version 12.00
# Visual Studio Version 16
VisualStudioVersion = 16.0.30907.101
MinimumVisualStudioVersion = 10.0.40219.1
Project("{FAE04EC0-301F-11D3-BF4B-00C04F79EFBC}") = "IT481_U3_A3", "IT481_U3_A3.csproj", "{708D3755-C176-4D54-8DC7-DB977EB9D90D}"
EndProject
Global
	GlobalSection(SolutionConfigurationPlatforms) = preSolution
		Debug|Any CPU = Debug|Any CPU
		Release|Any CPU = Release|Any CPU
	EndGlobalSection
	GlobalSection(ProjectConfigurationPlatforms) = postSolution
		{708D3755-C176-4D54-8DC7-DB977EB9D90D}.Debug|Any CPU.ActiveCfg = Debug|Any CPU
		{708D3755-C176-4D54-8DC7-DB977EB9D90D}.Debug|Any CPU.Build.0 = Debug|Any CPU
		{708D3755-C176-4D54-8DC7-DB977EB9D90D}.Release|Any CPU.ActiveCfg = Release|Any CPU
		{708D3755-C176-4D54-8DC7-DB977EB9D90D}.Release|Any CPU.Build.0 = Release|Any CPU
	EndGlobalSection
	GlobalSection(SolutionProperties) = preSolution
		HideSolutionNode = FALSE
	EndGlobalSection
	GlobalSection(ExtensibilityGlobals) = postSolution
		SolutionGuid = {CD0FC834-8835-4BDC-8117-E1B5A26D0A08}
	EndGlobalSection
EndGlobal
